
Microsoft Visual Studio Solution File, Format Version 12.00
# Visual Studio 15
VisualStudioVersion = 15.0.26730.16
MinimumVisualStudioVersion = 10.0.40219.1
Project("{FAE04EC0-301F-11D3-BF4B-00C04F79EFBC}") = "Method-HowMuchWood", "Method-HowMuchWood\Method-HowMuchWood.csproj", "{ACB77143-8F3F-4189-8BD8-2776414EEFAB}"
EndProject
Global
	GlobalSection(SolutionConfigurationPlatforms) = preSolution
		Debug|Any CPU = Debug|Any CPU
		Release|Any CPU = Release|Any CPU
	EndGlobalSection
	GlobalSection(ProjectConfigurationPlatforms) = postSolution
		{ACB77143-8F3F-4189-8BD8-2776414EEFAB}.Debug|Any CPU.ActiveCfg = Debug|Any CPU
		{ACB77143-8F3F-4189-8BD8-2776414EEFAB}.Debug|Any CPU.Build.0 = Debug|Any CPU
		{ACB77143-8F3F-4189-8BD8-2776414EEFAB}.Release|Any CPU.ActiveCfg = Release|Any CPU
		{ACB77143-8F3F-4189-8BD8-2776414EEFAB}.Release|Any CPU.Build.0 = Release|Any CPU
	EndGlobalSection
	GlobalSection(SolutionProperties) = preSolution
		HideSolutionNode = FALSE
	EndGlobalSection
	GlobalSection(ExtensibilityGlobals) = postSolution
		SolutionGuid = {6F49B4D7-971C-4B26-A8D1-F400B8F13185}
	EndGlobalSection
EndGlobal
