
Microsoft Visual Studio Solution File, Format Version 12.00
# Visual Studio 15
VisualStudioVersion = 15.0.26730.16
MinimumVisualStudioVersion = 10.0.40219.1
Project("{FAE04EC0-301F-11D3-BF4B-00C04F79EFBC}") = "Dice Simulator", "Dice Simulator\Dice Simulator.csproj", "{9DBB33FA-D300-4979-B28D-30DCBB015379}"
EndProject
Global
	GlobalSection(SolutionConfigurationPlatforms) = preSolution
		Debug|Any CPU = Debug|Any CPU
		Release|Any CPU = Release|Any CPU
	EndGlobalSection
	GlobalSection(ProjectConfigurationPlatforms) = postSolution
		{9DBB33FA-D300-4979-B28D-30DCBB015379}.Debug|Any CPU.ActiveCfg = Debug|Any CPU
		{9DBB33FA-D300-4979-B28D-30DCBB015379}.Debug|Any CPU.Build.0 = Debug|Any CPU
		{9DBB33FA-D300-4979-B28D-30DCBB015379}.Release|Any CPU.ActiveCfg = Release|Any CPU
		{9DBB33FA-D300-4979-B28D-30DCBB015379}.Release|Any CPU.Build.0 = Release|Any CPU
	EndGlobalSection
	GlobalSection(SolutionProperties) = preSolution
		HideSolutionNode = FALSE
	EndGlobalSection
	GlobalSection(ExtensibilityGlobals) = postSolution
		SolutionGuid = {C04FC0C5-F718-454C-9231-00C342803DEA}
	EndGlobalSection
EndGlobal
